
Microsoft Visual Studio Solution File, Format Version 12.00
# Visual Studio Version 16
VisualStudioVersion = 16.0.30717.126
MinimumVisualStudioVersion = 10.0.40219.1
Project("{FAE04EC0-301F-11D3-BF4B-00C04F79EFBC}") = "Fearn_Trevor_Project2_RestaurantCalculator", "Fearn_Trevor_Project2_RestaurantCalculator\Fearn_Trevor_Project2_RestaurantCalculator.csproj", "{240E6631-4C67-4006-BE4E-37E06B8A363D}"
EndProject
Global
	GlobalSection(SolutionConfigurationPlatforms) = preSolution
		Debug|Any CPU = Debug|Any CPU
		Release|Any CPU = Release|Any CPU
	EndGlobalSection
	GlobalSection(ProjectConfigurationPlatforms) = postSolution
		{240E6631-4C67-4006-BE4E-37E06B8A363D}.Debug|Any CPU.ActiveCfg = Debug|Any CPU
		{240E6631-4C67-4006-BE4E-37E06B8A363D}.Debug|Any CPU.Build.0 = Debug|Any CPU
		{240E6631-4C67-4006-BE4E-37E06B8A363D}.Release|Any CPU.ActiveCfg = Release|Any CPU
		{240E6631-4C67-4006-BE4E-37E06B8A363D}.Release|Any CPU.Build.0 = Release|Any CPU
	EndGlobalSection
	GlobalSection(SolutionProperties) = preSolution
		HideSolutionNode = FALSE
	EndGlobalSection
	GlobalSection(ExtensibilityGlobals) = postSolution
		SolutionGuid = {83F0A4E7-0199-49D2-BDE2-395126859231}
	EndGlobalSection
EndGlobal
